
Microsoft Visual Studio Solution File, Format Version 12.00
# Visual Studio Version 17
VisualStudioVersion = 17.14.36414.22 d17.14
MinimumVisualStudioVersion = 10.0.40219.1
Project("{FAE04EC0-301F-11D3-BF4B-00C04F79EFBC}") = "Prac9B", "Prac9B\Prac9B.csproj", "{EC91EA20-DCA4-4DE4-8538-A7E1003DEFB4}"
EndProject
Global
	GlobalSection(SolutionConfigurationPlatforms) = preSolution
		Debug|Any CPU = Debug|Any CPU
		Release|Any CPU = Release|Any CPU
	EndGlobalSection
	GlobalSection(ProjectConfigurationPlatforms) = postSolution
		{EC91EA20-DCA4-4DE4-8538-A7E1003DEFB4}.Debug|Any CPU.ActiveCfg = Debug|Any CPU
		{EC91EA20-DCA4-4DE4-8538-A7E1003DEFB4}.Debug|Any CPU.Build.0 = Debug|Any CPU
		{EC91EA20-DCA4-4DE4-8538-A7E1003DEFB4}.Debug|Any CPU.Deploy.0 = Debug|Any CPU
		{EC91EA20-DCA4-4DE4-8538-A7E1003DEFB4}.Release|Any CPU.ActiveCfg = Release|Any CPU
		{EC91EA20-DCA4-4DE4-8538-A7E1003DEFB4}.Release|Any CPU.Build.0 = Release|Any CPU
		{EC91EA20-DCA4-4DE4-8538-A7E1003DEFB4}.Release|Any CPU.Deploy.0 = Release|Any CPU
	EndGlobalSection
	GlobalSection(SolutionProperties) = preSolution
		HideSolutionNode = FALSE
	EndGlobalSection
	GlobalSection(ExtensibilityGlobals) = postSolution
		SolutionGuid = {EFD6336A-D1EF-4DDF-8E9E-429234FFF047}
	EndGlobalSection
EndGlobal
